// !$*UTF8*$!
{
	archiveVersion = 1;
	classes = {
	};
	objectVersion = 56;
	objects = {

/* Begin PBXBuildFile section */
		8A5F01CB2989FD3E00CB0F9D /* AppDelegate.swift in Sources */ = {isa = PBXBuildFile; fileRef = 8A5F01CA2989FD3E00CB0F9D /* AppDelegate.swift */; };
		8A5F01CD2989FD3E00CB0F9D /* SceneDelegate.swift in Sources */ = {isa = PBXBuildFile; fileRef = 8A5F01CC2989FD3E00CB0F9D /* SceneDelegate.swift */; };
		8A5F01CF2989FD3E00CB0F9D /* ViewController.swift in Sources */ = {isa = PBXBuildFile; fileRef = 8A5F01CE2989FD3E00CB0F9D /* ViewController.swift */; };
		8A5F01D42989FD4000CB0F9D /* Assets.xcassets in Resources */ = {isa = PBXBuildFile; fileRef = 8A5F01D32989FD4000CB0F9D /* Assets.xcassets */; };
		8A5F01D72989FD4000CB0F9D /* LaunchScreen.storyboard in Resources */ = {isa = PBXBuildFile; fileRef = 8A5F01D52989FD4000CB0F9D /* LaunchScreen.storyboard */; };
		8A5F01EC2989FD4000CB0F9D /* inMovieDBUITests.swift in Sources */ = {isa = PBXBuildFile; fileRef = 8A5F01EB2989FD4000CB0F9D /* inMovieDBUITests.swift */; };
		8A5F01EE2989FD4000CB0F9D /* inMovieDBUITestsLaunchTests.swift in Sources */ = {isa = PBXBuildFile; fileRef = 8A5F01ED2989FD4000CB0F9D /* inMovieDBUITestsLaunchTests.swift */; };
		8A5F01FC2989FDE800CB0F9D /* AppCoordinator.swift in Sources */ = {isa = PBXBuildFile; fileRef = 8A5F01FB2989FDE800CB0F9D /* AppCoordinator.swift */; };
		8A5F01FF2989FE3100CB0F9D /* Movie.swift in Sources */ = {isa = PBXBuildFile; fileRef = 8A5F01FE2989FE3100CB0F9D /* Movie.swift */; };
		8A5F02012989FE3A00CB0F9D /* MoviesResponse.swift in Sources */ = {isa = PBXBuildFile; fileRef = 8A5F02002989FE3A00CB0F9D /* MoviesResponse.swift */; };
		8A5F02032989FE4800CB0F9D /* MovieGenres.swift in Sources */ = {isa = PBXBuildFile; fileRef = 8A5F02022989FE4800CB0F9D /* MovieGenres.swift */; };
		8A5F02092989FE9200CB0F9D /* Endpoint.swift in Sources */ = {isa = PBXBuildFile; fileRef = 8A5F02082989FE9200CB0F9D /* Endpoint.swift */; };
		8A5F020B2989FE9D00CB0F9D /* ErrorHandler.swift in Sources */ = {isa = PBXBuildFile; fileRef = 8A5F020A2989FE9D00CB0F9D /* ErrorHandler.swift */; };
		8A5F020D2989FEA900CB0F9D /* HTTPClient.swift in Sources */ = {isa = PBXBuildFile; fileRef = 8A5F020C2989FEA900CB0F9D /* HTTPClient.swift */; };
		8A5F020F2989FEB300CB0F9D /* HTTPMethod.swift in Sources */ = {isa = PBXBuildFile; fileRef = 8A5F020E2989FEB300CB0F9D /* HTTPMethod.swift */; };
		8A5F02112989FED400CB0F9D /* MovieDetailsEndpoint.swift in Sources */ = {isa = PBXBuildFile; fileRef = 8A5F02102989FED400CB0F9D /* MovieDetailsEndpoint.swift */; };
		8A5F02132989FEE100CB0F9D /* PopularMoviesEndpoint.swift in Sources */ = {isa = PBXBuildFile; fileRef = 8A5F02122989FEE100CB0F9D /* PopularMoviesEndpoint.swift */; };
		8A5F02152989FEEA00CB0F9D /* SearchMoviesEndpoint.swift in Sources */ = {isa = PBXBuildFile; fileRef = 8A5F02142989FEEA00CB0F9D /* SearchMoviesEndpoint.swift */; };
		8A5F02172989FEF400CB0F9D /* TopRatedMoviesEndpoint.swift in Sources */ = {isa = PBXBuildFile; fileRef = 8A5F02162989FEF400CB0F9D /* TopRatedMoviesEndpoint.swift */; };
		8A5F02202989FF9100CB0F9D /* PopularMoviesCell.swift in Sources */ = {isa = PBXBuildFile; fileRef = 8A5F021F2989FF9100CB0F9D /* PopularMoviesCell.swift */; };
		8A5F02222989FF9F00CB0F9D /* PopularMoviesCellViewModel.swift in Sources */ = {isa = PBXBuildFile; fileRef = 8A5F02212989FF9F00CB0F9D /* PopularMoviesCellViewModel.swift */; };
		8A5F02242989FFB500CB0F9D /* ListPopularMoviesCoordinator.swift in Sources */ = {isa = PBXBuildFile; fileRef = 8A5F02232989FFB500CB0F9D /* ListPopularMoviesCoordinator.swift */; };
		8A5F02262989FFC900CB0F9D /* ListPopularMoviesViewController.swift in Sources */ = {isa = PBXBuildFile; fileRef = 8A5F02252989FFC900CB0F9D /* ListPopularMoviesViewController.swift */; };
		8A5F02282989FFD700CB0F9D /* ListPopularMoviesViewModel.swift in Sources */ = {isa = PBXBuildFile; fileRef = 8A5F02272989FFD700CB0F9D /* ListPopularMoviesViewModel.swift */; };
		8A5F022B2989FFF800CB0F9D /* TopRatedMoviesCell.swift in Sources */ = {isa = PBXBuildFile; fileRef = 8A5F022A2989FFF800CB0F9D /* TopRatedMoviesCell.swift */; };
		8A5F022D298A000500CB0F9D /* TopRatedMoviesCellViewModel.swift in Sources */ = {isa = PBXBuildFile; fileRef = 8A5F022C298A000500CB0F9D /* TopRatedMoviesCellViewModel.swift */; };
		8A5F022F298A001600CB0F9D /* ListTopRatedMoviesCoordinator.swift in Sources */ = {isa = PBXBuildFile; fileRef = 8A5F022E298A001600CB0F9D /* ListTopRatedMoviesCoordinator.swift */; };
		8A5F0231298A002300CB0F9D /* ListTopRatedMoviesViewController.swift in Sources */ = {isa = PBXBuildFile; fileRef = 8A5F0230298A002300CB0F9D /* ListTopRatedMoviesViewController.swift */; };
		8A5F0233298A003400CB0F9D /* ListTopRatedMoviesViewModel.swift in Sources */ = {isa = PBXBuildFile; fileRef = 8A5F0232298A003400CB0F9D /* ListTopRatedMoviesViewModel.swift */; };
		8A5F0235298A004600CB0F9D /* MovieDetailsCoordinator.swift in Sources */ = {isa = PBXBuildFile; fileRef = 8A5F0234298A004600CB0F9D /* MovieDetailsCoordinator.swift */; };
		8A5F0237298A005700CB0F9D /* MovieDetailsViewController.swift in Sources */ = {isa = PBXBuildFile; fileRef = 8A5F0236298A005700CB0F9D /* MovieDetailsViewController.swift */; };
		8A5F0239298A006C00CB0F9D /* MovieDetailsViewModel.swift in Sources */ = {isa = PBXBuildFile; fileRef = 8A5F0238298A006C00CB0F9D /* MovieDetailsViewModel.swift */; };
		8A5F023B298A007E00CB0F9D /* SearchMoviesCoordinator.swift in Sources */ = {isa = PBXBuildFile; fileRef = 8A5F023A298A007E00CB0F9D /* SearchMoviesCoordinator.swift */; };
		8A5F023D298A008E00CB0F9D /* SearchMoviesViewController.swift in Sources */ = {isa = PBXBuildFile; fileRef = 8A5F023C298A008E00CB0F9D /* SearchMoviesViewController.swift */; };
		8A5F023F298A009E00CB0F9D /* SearchMoviesViewModel.swift in Sources */ = {isa = PBXBuildFile; fileRef = 8A5F023E298A009E00CB0F9D /* SearchMoviesViewModel.swift */; };
		8A5F0242298A00CB00CB0F9D /* MovieDetailsService.swift in Sources */ = {isa = PBXBuildFile; fileRef = 8A5F0241298A00CB00CB0F9D /* MovieDetailsService.swift */; };
		8A5F0244298A00FF00CB0F9D /* PopularMoviesService.swift in Sources */ = {isa = PBXBuildFile; fileRef = 8A5F0243298A00FF00CB0F9D /* PopularMoviesService.swift */; };
		8A5F0246298A010E00CB0F9D /* SearchMoviesService.swift in Sources */ = {isa = PBXBuildFile; fileRef = 8A5F0245298A010E00CB0F9D /* SearchMoviesService.swift */; };
		8A5F0248298A011C00CB0F9D /* TopRatedMoviesService.swift in Sources */ = {isa = PBXBuildFile; fileRef = 8A5F0247298A011C00CB0F9D /* TopRatedMoviesService.swift */; };
		8A5F024A298A014300CB0F9D /* TMDB-Auth-Info.plist in Resources */ = {isa = PBXBuildFile; fileRef = 8A5F0249298A014300CB0F9D /* TMDB-Auth-Info.plist */; };
		8A5F024F298A019300CB0F9D /* CachedImageView.swift in Sources */ = {isa = PBXBuildFile; fileRef = 8A5F024E298A019300CB0F9D /* CachedImageView.swift */; };
		8A5F0251298A01B100CB0F9D /* Coordinator.swift in Sources */ = {isa = PBXBuildFile; fileRef = 8A5F0250298A01B100CB0F9D /* Coordinator.swift */; };
		8A5F0253298A01CA00CB0F9D /* Alertable.swift in Sources */ = {isa = PBXBuildFile; fileRef = 8A5F0252298A01CA00CB0F9D /* Alertable.swift */; };
		8A5F0255298A01D800CB0F9D /* Loadable.swift in Sources */ = {isa = PBXBuildFile; fileRef = 8A5F0254298A01D800CB0F9D /* Loadable.swift */; };
		8A5F0257298A025300CB0F9D /* Constants.swift in Sources */ = {isa = PBXBuildFile; fileRef = 8A5F0256298A025300CB0F9D /* Constants.swift */; };
		8A5F025D298A034600CB0F9D /* MoviesResponse+Fixture.swift in Sources */ = {isa = PBXBuildFile; fileRef = 8A5F025C298A034600CB0F9D /* MoviesResponse+Fixture.swift */; };
		8A5F025F298A037000CB0F9D /* Movie+Fixture.swift in Sources */ = {isa = PBXBuildFile; fileRef = 8A5F025E298A037000CB0F9D /* Movie+Fixture.swift */; };
		8A5F0262298A03CB00CB0F9D /* TopRatedMoviesCellViewModelTests.swift in Sources */ = {isa = PBXBuildFile; fileRef = 8A5F0261298A03CB00CB0F9D /* TopRatedMoviesCellViewModelTests.swift */; };
		8A5F0267298A044D00CB0F9D /* ListTopRatedMoviesViewModelTests.swift in Sources */ = {isa = PBXBuildFile; fileRef = 8A5F0266298A044C00CB0F9D /* ListTopRatedMoviesViewModelTests.swift */; };
		8A5F0269298A049200CB0F9D /* ListTopRatedMoviesViewModelDelegateSpy.swift in Sources */ = {isa = PBXBuildFile; fileRef = 8A5F0268298A049200CB0F9D /* ListTopRatedMoviesViewModelDelegateSpy.swift */; };
		8A5F026B298A04BF00CB0F9D /* ListTopRatedMoviesCoordinatorSpy.swift in Sources */ = {isa = PBXBuildFile; fileRef = 8A5F026A298A04BF00CB0F9D /* ListTopRatedMoviesCoordinatorSpy.swift */; };
/* End PBXBuildFile section */

/* Begin PBXContainerItemProxy section */
		8A5F01DE2989FD4000CB0F9D /* PBXContainerItemProxy */ = {
			isa = PBXContainerItemProxy;
			containerPortal = 8A5F01BF2989FD3E00CB0F9D /* Project object */;
			proxyType = 1;
			remoteGlobalIDString = 8A5F01C62989FD3E00CB0F9D;
			remoteInfo = inMovieDB;
		};
		8A5F01E82989FD4000CB0F9D /* PBXContainerItemProxy */ = {
			isa = PBXContainerItemProxy;
			containerPortal = 8A5F01BF2989FD3E00CB0F9D /* Project object */;
			proxyType = 1;
			remoteGlobalIDString = 8A5F01C62989FD3E00CB0F9D;
			remoteInfo = inMovieDB;
		};
/* End PBXContainerItemProxy section */

/* Begin PBXFileReference section */
		8A5F01C72989FD3E00CB0F9D /* inMovieDB.app */ = {isa = PBXFileReference; explicitFileType = wrapper.application; includeInIndex = 0; path = inMovieDB.app; sourceTree = BUILT_PRODUCTS_DIR; };
		8A5F01CA2989FD3E00CB0F9D /* AppDelegate.swift */ = {isa = PBXFileReference; lastKnownFileType = sourcecode.swift; path = AppDelegate.swift; sourceTree = "<group>"; };
		8A5F01CC2989FD3E00CB0F9D /* SceneDelegate.swift */ = {isa = PBXFileReference; lastKnownFileType = sourcecode.swift; path = SceneDelegate.swift; sourceTree = "<group>"; };
		8A5F01CE2989FD3E00CB0F9D /* ViewController.swift */ = {isa = PBXFileReference; lastKnownFileType = sourcecode.swift; path = ViewController.swift; sourceTree = "<group>"; };
		8A5F01D32989FD4000CB0F9D /* Assets.xcassets */ = {isa = PBXFileReference; lastKnownFileType = folder.assetcatalog; path = Assets.xcassets; sourceTree = "<group>"; };
		8A5F01D62989FD4000CB0F9D /* Base */ = {isa = PBXFileReference; lastKnownFileType = file.storyboard; name = Base; path = Base.lproj/LaunchScreen.storyboard; sourceTree = "<group>"; };
		8A5F01D82989FD4000CB0F9D /* Info.plist */ = {isa = PBXFileReference; lastKnownFileType = text.plist.xml; path = Info.plist; sourceTree = "<group>"; };
		8A5F01DD2989FD4000CB0F9D /* inMovieDBTests.xctest */ = {isa = PBXFileReference; explicitFileType = wrapper.cfbundle; includeInIndex = 0; path = inMovieDBTests.xctest; sourceTree = BUILT_PRODUCTS_DIR; };
		8A5F01E72989FD4000CB0F9D /* inMovieDBUITests.xctest */ = {isa = PBXFileReference; explicitFileType = wrapper.cfbundle; includeInIndex = 0; path = inMovieDBUITests.xctest; sourceTree = BUILT_PRODUCTS_DIR; };
		8A5F01EB2989FD4000CB0F9D /* inMovieDBUITests.swift */ = {isa = PBXFileReference; lastKnownFileType = sourcecode.swift; path = inMovieDBUITests.swift; sourceTree = "<group>"; };
		8A5F01ED2989FD4000CB0F9D /* inMovieDBUITestsLaunchTests.swift */ = {isa = PBXFileReference; lastKnownFileType = sourcecode.swift; path = inMovieDBUITestsLaunchTests.swift; sourceTree = "<group>"; };
		8A5F01FB2989FDE800CB0F9D /* AppCoordinator.swift */ = {isa = PBXFileReference; lastKnownFileType = sourcecode.swift; path = AppCoordinator.swift; sourceTree = "<group>"; };
		8A5F01FE2989FE3100CB0F9D /* Movie.swift */ = {isa = PBXFileReference; lastKnownFileType = sourcecode.swift; path = Movie.swift; sourceTree = "<group>"; };
		8A5F02002989FE3A00CB0F9D /* MoviesResponse.swift */ = {isa = PBXFileReference; lastKnownFileType = sourcecode.swift; path = MoviesResponse.swift; sourceTree = "<group>"; };
		8A5F02022989FE4800CB0F9D /* MovieGenres.swift */ = {isa = PBXFileReference; lastKnownFileType = sourcecode.swift; path = MovieGenres.swift; sourceTree = "<group>"; };
		8A5F02082989FE9200CB0F9D /* Endpoint.swift */ = {isa = PBXFileReference; lastKnownFileType = sourcecode.swift; path = Endpoint.swift; sourceTree = "<group>"; };
		8A5F020A2989FE9D00CB0F9D /* ErrorHandler.swift */ = {isa = PBXFileReference; lastKnownFileType = sourcecode.swift; path = ErrorHandler.swift; sourceTree = "<group>"; };
		8A5F020C2989FEA900CB0F9D /* HTTPClient.swift */ = {isa = PBXFileReference; lastKnownFileType = sourcecode.swift; path = HTTPClient.swift; sourceTree = "<group>"; };
		8A5F020E2989FEB300CB0F9D /* HTTPMethod.swift */ = {isa = PBXFileReference; lastKnownFileType = sourcecode.swift; path = HTTPMethod.swift; sourceTree = "<group>"; };
		8A5F02102989FED400CB0F9D /* MovieDetailsEndpoint.swift */ = {isa = PBXFileReference; lastKnownFileType = sourcecode.swift; path = MovieDetailsEndpoint.swift; sourceTree = "<group>"; };
		8A5F02122989FEE100CB0F9D /* PopularMoviesEndpoint.swift */ = {isa = PBXFileReference; lastKnownFileType = sourcecode.swift; path = PopularMoviesEndpoint.swift; sourceTree = "<group>"; };
		8A5F02142989FEEA00CB0F9D /* SearchMoviesEndpoint.swift */ = {isa = PBXFileReference; lastKnownFileType = sourcecode.swift; path = SearchMoviesEndpoint.swift; sourceTree = "<group>"; };
		8A5F02162989FEF400CB0F9D /* TopRatedMoviesEndpoint.swift */ = {isa = PBXFileReference; lastKnownFileType = sourcecode.swift; path = TopRatedMoviesEndpoint.swift; sourceTree = "<group>"; };
		8A5F021F2989FF9100CB0F9D /* PopularMoviesCell.swift */ = {isa = PBXFileReference; lastKnownFileType = sourcecode.swift; path = PopularMoviesCell.swift; sourceTree = "<group>"; };
		8A5F02212989FF9F00CB0F9D /* PopularMoviesCellViewModel.swift */ = {isa = PBXFileReference; lastKnownFileType = sourcecode.swift; path = PopularMoviesCellViewModel.swift; sourceTree = "<group>"; };
		8A5F02232989FFB500CB0F9D /* ListPopularMoviesCoordinator.swift */ = {isa = PBXFileReference; lastKnownFileType = sourcecode.swift; path = ListPopularMoviesCoordinator.swift; sourceTree = "<group>"; };
		8A5F02252989FFC900CB0F9D /* ListPopularMoviesViewController.swift */ = {isa = PBXFileReference; lastKnownFileType = sourcecode.swift; path = ListPopularMoviesViewController.swift; sourceTree = "<group>"; };
		8A5F02272989FFD700CB0F9D /* ListPopularMoviesViewModel.swift */ = {isa = PBXFileReference; lastKnownFileType = sourcecode.swift; path = ListPopularMoviesViewModel.swift; sourceTree = "<group>"; };
		8A5F022A2989FFF800CB0F9D /* TopRatedMoviesCell.swift */ = {isa = PBXFileReference; lastKnownFileType = sourcecode.swift; path = TopRatedMoviesCell.swift; sourceTree = "<group>"; };
		8A5F022C298A000500CB0F9D /* TopRatedMoviesCellViewModel.swift */ = {isa = PBXFileReference; lastKnownFileType = sourcecode.swift; path = TopRatedMoviesCellViewModel.swift; sourceTree = "<group>"; };
		8A5F022E298A001600CB0F9D /* ListTopRatedMoviesCoordinator.swift */ = {isa = PBXFileReference; lastKnownFileType = sourcecode.swift; path = ListTopRatedMoviesCoordinator.swift; sourceTree = "<group>"; };
		8A5F0230298A002300CB0F9D /* ListTopRatedMoviesViewController.swift */ = {isa = PBXFileReference; lastKnownFileType = sourcecode.swift; path = ListTopRatedMoviesViewController.swift; sourceTree = "<group>"; };
		8A5F0232298A003400CB0F9D /* ListTopRatedMoviesViewModel.swift */ = {isa = PBXFileReference; lastKnownFileType = sourcecode.swift; path = ListTopRatedMoviesViewModel.swift; sourceTree = "<group>"; };
		8A5F0234298A004600CB0F9D /* MovieDetailsCoordinator.swift */ = {isa = PBXFileReference; lastKnownFileType = sourcecode.swift; path = MovieDetailsCoordinator.swift; sourceTree = "<group>"; };
		8A5F0236298A005700CB0F9D /* MovieDetailsViewController.swift */ = {isa = PBXFileReference; lastKnownFileType = sourcecode.swift; path = MovieDetailsViewController.swift; sourceTree = "<group>"; };
		8A5F0238298A006C00CB0F9D /* MovieDetailsViewModel.swift */ = {isa = PBXFileReference; lastKnownFileType = sourcecode.swift; path = MovieDetailsViewModel.swift; sourceTree = "<group>"; };
		8A5F023A298A007E00CB0F9D /* SearchMoviesCoordinator.swift */ = {isa = PBXFileReference; lastKnownFileType = sourcecode.swift; path = SearchMoviesCoordinator.swift; sourceTree = "<group>"; };
		8A5F023C298A008E00CB0F9D /* SearchMoviesViewController.swift */ = {isa = PBXFileReference; lastKnownFileType = sourcecode.swift; path = SearchMoviesViewController.swift; sourceTree = "<group>"; };
		8A5F023E298A009E00CB0F9D /* SearchMoviesViewModel.swift */ = {isa = PBXFileReference; lastKnownFileType = sourcecode.swift; path = SearchMoviesViewModel.swift; sourceTree = "<group>"; };
		8A5F0241298A00CB00CB0F9D /* MovieDetailsService.swift */ = {isa = PBXFileReference; lastKnownFileType = sourcecode.swift; path = MovieDetailsService.swift; sourceTree = "<group>"; };
		8A5F0243298A00FF00CB0F9D /* PopularMoviesService.swift */ = {isa = PBXFileReference; lastKnownFileType = sourcecode.swift; path = PopularMoviesService.swift; sourceTree = "<group>"; };
		8A5F0245298A010E00CB0F9D /* SearchMoviesService.swift */ = {isa = PBXFileReference; lastKnownFileType = sourcecode.swift; path = SearchMoviesService.swift; sourceTree = "<group>"; };
		8A5F0247298A011C00CB0F9D /* TopRatedMoviesService.swift */ = {isa = PBXFileReference; lastKnownFileType = sourcecode.swift; path = TopRatedMoviesService.swift; sourceTree = "<group>"; };
		8A5F0249298A014300CB0F9D /* TMDB-Auth-Info.plist */ = {isa = PBXFileReference; lastKnownFileType = text.plist.xml; path = "TMDB-Auth-Info.plist"; sourceTree = "<group>"; };
		8A5F024E298A019300CB0F9D /* CachedImageView.swift */ = {isa = PBXFileReference; lastKnownFileType = sourcecode.swift; path = CachedImageView.swift; sourceTree = "<group>"; };
		8A5F0250298A01B100CB0F9D /* Coordinator.swift */ = {isa = PBXFileReference; lastKnownFileType = sourcecode.swift; path = Coordinator.swift; sourceTree = "<group>"; };
		8A5F0252298A01CA00CB0F9D /* Alertable.swift */ = {isa = PBXFileReference; lastKnownFileType = sourcecode.swift; path = Alertable.swift; sourceTree = "<group>"; };
		8A5F0254298A01D800CB0F9D /* Loadable.swift */ = {isa = PBXFileReference; lastKnownFileType = sourcecode.swift; path = Loadable.swift; sourceTree = "<group>"; };
		8A5F0256298A025300CB0F9D /* Constants.swift */ = {isa = PBXFileReference; lastKnownFileType = sourcecode.swift; path = Constants.swift; sourceTree = "<group>"; };
		8A5F025C298A034600CB0F9D /* MoviesResponse+Fixture.swift */ = {isa = PBXFileReference; lastKnownFileType = sourcecode.swift; path = "MoviesResponse+Fixture.swift"; sourceTree = "<group>"; };
		8A5F025E298A037000CB0F9D /* Movie+Fixture.swift */ = {isa = PBXFileReference; lastKnownFileType = sourcecode.swift; path = "Movie+Fixture.swift"; sourceTree = "<group>"; };
		8A5F0261298A03CB00CB0F9D /* TopRatedMoviesCellViewModelTests.swift */ = {isa = PBXFileReference; lastKnownFileType = sourcecode.swift; path = TopRatedMoviesCellViewModelTests.swift; sourceTree = "<group>"; };
		8A5F0266298A044C00CB0F9D /* ListTopRatedMoviesViewModelTests.swift */ = {isa = PBXFileReference; lastKnownFileType = sourcecode.swift; path = ListTopRatedMoviesViewModelTests.swift; sourceTree = "<group>"; };
		8A5F0268298A049200CB0F9D /* ListTopRatedMoviesViewModelDelegateSpy.swift */ = {isa = PBXFileReference; lastKnownFileType = sourcecode.swift; path = ListTopRatedMoviesViewModelDelegateSpy.swift; sourceTree = "<group>"; };
		8A5F026A298A04BF00CB0F9D /* ListTopRatedMoviesCoordinatorSpy.swift */ = {isa = PBXFileReference; lastKnownFileType = sourcecode.swift; path = ListTopRatedMoviesCoordinatorSpy.swift; sourceTree = "<group>"; };
/* End PBXFileReference section */

/* Begin PBXFrameworksBuildPhase section */
		8A5F01C42989FD3E00CB0F9D /* Frameworks */ = {
			isa = PBXFrameworksBuildPhase;
			buildActionMask = 2147483647;
			files = (
			);
			runOnlyForDeploymentPostprocessing = 0;
		};
		8A5F01DA2989FD4000CB0F9D /* Frameworks */ = {
			isa = PBXFrameworksBuildPhase;
			buildActionMask = 2147483647;
			files = (
			);
			runOnlyForDeploymentPostprocessing = 0;
		};
		8A5F01E42989FD4000CB0F9D /* Frameworks */ = {
			isa = PBXFrameworksBuildPhase;
			buildActionMask = 2147483647;
			files = (
			);
			runOnlyForDeploymentPostprocessing = 0;
		};
/* End PBXFrameworksBuildPhase section */

/* Begin PBXGroup section */
		8A5F01BE2989FD3E00CB0F9D = {
			isa = PBXGroup;
			children = (
				8A5F01C92989FD3E00CB0F9D /* inMovieDB */,
				8A5F01E02989FD4000CB0F9D /* inMovieDBTests */,
				8A5F01EA2989FD4000CB0F9D /* inMovieDBUITests */,
				8A5F01C82989FD3E00CB0F9D /* Products */,
			);
			sourceTree = "<group>";
		};
		8A5F01C82989FD3E00CB0F9D /* Products */ = {
			isa = PBXGroup;
			children = (
				8A5F01C72989FD3E00CB0F9D /* inMovieDB.app */,
				8A5F01DD2989FD4000CB0F9D /* inMovieDBTests.xctest */,
				8A5F01E72989FD4000CB0F9D /* inMovieDBUITests.xctest */,
			);
			name = Products;
			sourceTree = "<group>";
		};
		8A5F01C92989FD3E00CB0F9D /* inMovieDB */ = {
			isa = PBXGroup;
			children = (
				8A5F01FA2989FDCF00CB0F9D /* Application */,
				8A5F01D32989FD4000CB0F9D /* Assets.xcassets */,
				8A5F01D82989FD4000CB0F9D /* Info.plist */,
				8A5F01D52989FD4000CB0F9D /* LaunchScreen.storyboard */,
				8A5F01FD2989FE2600CB0F9D /* Models */,
				8A5F02042989FE7000CB0F9D /* Network */,
				8A5F02182989FF2C00CB0F9D /* Screens */,
				8A5F0240298A00AF00CB0F9D /* Services */,
				8A5F0249298A014300CB0F9D /* TMDB-Auth-Info.plist */,
				8A5F024B298A016400CB0F9D /* Utils */,
				8A5F01CE2989FD3E00CB0F9D /* ViewController.swift */,
			);
			path = inMovieDB;
			sourceTree = "<group>";
		};
		8A5F01E02989FD4000CB0F9D /* inMovieDBTests */ = {
			isa = PBXGroup;
			children = (
				8A5F0258298A02E400CB0F9D /* Fixtures */,
				8A5F0259298A02EA00CB0F9D /* Screens */,
				8A5F025A298A02F100CB0F9D /* Services */,
			);
			path = inMovieDBTests;
			sourceTree = "<group>";
		};
		8A5F01EA2989FD4000CB0F9D /* inMovieDBUITests */ = {
			isa = PBXGroup;
			children = (
				8A5F01EB2989FD4000CB0F9D /* inMovieDBUITests.swift */,
				8A5F01ED2989FD4000CB0F9D /* inMovieDBUITestsLaunchTests.swift */,
			);
			path = inMovieDBUITests;
			sourceTree = "<group>";
		};
		8A5F01FA2989FDCF00CB0F9D /* Application */ = {
			isa = PBXGroup;
			children = (
				8A5F01FB2989FDE800CB0F9D /* AppCoordinator.swift */,
				8A5F01CA2989FD3E00CB0F9D /* AppDelegate.swift */,
				8A5F01CC2989FD3E00CB0F9D /* SceneDelegate.swift */,
			);
			path = Application;
			sourceTree = "<group>";
		};
		8A5F01FD2989FE2600CB0F9D /* Models */ = {
			isa = PBXGroup;
			children = (
				8A5F01FE2989FE3100CB0F9D /* Movie.swift */,
				8A5F02002989FE3A00CB0F9D /* MoviesResponse.swift */,
				8A5F02022989FE4800CB0F9D /* MovieGenres.swift */,
			);
			path = Models;
			sourceTree = "<group>";
		};
		8A5F02042989FE7000CB0F9D /* Network */ = {
			isa = PBXGroup;
			children = (
				8A5F02052989FE7900CB0F9D /* Base */,
				8A5F02062989FE7E00CB0F9D /* Client */,
				8A5F02072989FE8300CB0F9D /* Endpoints */,
			);
			path = Network;
			sourceTree = "<group>";
		};
		8A5F02052989FE7900CB0F9D /* Base */ = {
			isa = PBXGroup;
			children = (
				8A5F02082989FE9200CB0F9D /* Endpoint.swift */,
				8A5F020A2989FE9D00CB0F9D /* ErrorHandler.swift */,
			);
			path = Base;
			sourceTree = "<group>";
		};
		8A5F02062989FE7E00CB0F9D /* Client */ = {
			isa = PBXGroup;
			children = (
				8A5F020C2989FEA900CB0F9D /* HTTPClient.swift */,
				8A5F020E2989FEB300CB0F9D /* HTTPMethod.swift */,
			);
			path = Client;
			sourceTree = "<group>";
		};
		8A5F02072989FE8300CB0F9D /* Endpoints */ = {
			isa = PBXGroup;
			children = (
				8A5F02102989FED400CB0F9D /* MovieDetailsEndpoint.swift */,
				8A5F02122989FEE100CB0F9D /* PopularMoviesEndpoint.swift */,
				8A5F02142989FEEA00CB0F9D /* SearchMoviesEndpoint.swift */,
				8A5F02162989FEF400CB0F9D /* TopRatedMoviesEndpoint.swift */,
			);
			path = Endpoints;
			sourceTree = "<group>";
		};
		8A5F02182989FF2C00CB0F9D /* Screens */ = {
			isa = PBXGroup;
			children = (
				8A5F02192989FF3700CB0F9D /* ListFavoritesMovies */,
				8A5F021A2989FF4500CB0F9D /* ListPopularMovies */,
				8A5F021B2989FF5000CB0F9D /* ListTopRatedMovies */,
				8A5F021C2989FF6100CB0F9D /* MovieDetails */,
				8A5F021D2989FF6900CB0F9D /* SearchMovies */,
			);
			path = Screens;
			sourceTree = "<group>";
		};
		8A5F02192989FF3700CB0F9D /* ListFavoritesMovies */ = {
			isa = PBXGroup;
			children = (
			);
			path = ListFavoritesMovies;
			sourceTree = "<group>";
		};
		8A5F021A2989FF4500CB0F9D /* ListPopularMovies */ = {
			isa = PBXGroup;
			children = (
				8A5F021E2989FF8300CB0F9D /* Cell */,
				8A5F02232989FFB500CB0F9D /* ListPopularMoviesCoordinator.swift */,
				8A5F02252989FFC900CB0F9D /* ListPopularMoviesViewController.swift */,
				8A5F02272989FFD700CB0F9D /* ListPopularMoviesViewModel.swift */,
			);
			path = ListPopularMovies;
			sourceTree = "<group>";
		};
		8A5F021B2989FF5000CB0F9D /* ListTopRatedMovies */ = {
			isa = PBXGroup;
			children = (
				8A5F02292989FFEB00CB0F9D /* Cell */,
				8A5F022E298A001600CB0F9D /* ListTopRatedMoviesCoordinator.swift */,
				8A5F0230298A002300CB0F9D /* ListTopRatedMoviesViewController.swift */,
				8A5F0232298A003400CB0F9D /* ListTopRatedMoviesViewModel.swift */,
			);
			path = ListTopRatedMovies;
			sourceTree = "<group>";
		};
		8A5F021C2989FF6100CB0F9D /* MovieDetails */ = {
			isa = PBXGroup;
			children = (
				8A5F0234298A004600CB0F9D /* MovieDetailsCoordinator.swift */,
				8A5F0236298A005700CB0F9D /* MovieDetailsViewController.swift */,
				8A5F0238298A006C00CB0F9D /* MovieDetailsViewModel.swift */,
			);
			path = MovieDetails;
			sourceTree = "<group>";
		};
		8A5F021D2989FF6900CB0F9D /* SearchMovies */ = {
			isa = PBXGroup;
			children = (
				8A5F023A298A007E00CB0F9D /* SearchMoviesCoordinator.swift */,
				8A5F023C298A008E00CB0F9D /* SearchMoviesViewController.swift */,
				8A5F023E298A009E00CB0F9D /* SearchMoviesViewModel.swift */,
			);
			path = SearchMovies;
			sourceTree = "<group>";
		};
		8A5F021E2989FF8300CB0F9D /* Cell */ = {
			isa = PBXGroup;
			children = (
				8A5F021F2989FF9100CB0F9D /* PopularMoviesCell.swift */,
				8A5F02212989FF9F00CB0F9D /* PopularMoviesCellViewModel.swift */,
			);
			path = Cell;
			sourceTree = "<group>";
		};
		8A5F02292989FFEB00CB0F9D /* Cell */ = {
			isa = PBXGroup;
			children = (
				8A5F022A2989FFF800CB0F9D /* TopRatedMoviesCell.swift */,
				8A5F022C298A000500CB0F9D /* TopRatedMoviesCellViewModel.swift */,
			);
			path = Cell;
			sourceTree = "<group>";
		};
		8A5F0240298A00AF00CB0F9D /* Services */ = {
			isa = PBXGroup;
			children = (
				8A5F0241298A00CB00CB0F9D /* MovieDetailsService.swift */,
				8A5F0243298A00FF00CB0F9D /* PopularMoviesService.swift */,
				8A5F0245298A010E00CB0F9D /* SearchMoviesService.swift */,
				8A5F0247298A011C00CB0F9D /* TopRatedMoviesService.swift */,
			);
			path = Services;
			sourceTree = "<group>";
		};
		8A5F024B298A016400CB0F9D /* Utils */ = {
			isa = PBXGroup;
			children = (
				8A5F024C298A017200CB0F9D /* Components */,
				8A5F024D298A017D00CB0F9D /* Protocols */,
				8A5F0256298A025300CB0F9D /* Constants.swift */,
			);
			path = Utils;
			sourceTree = "<group>";
		};
		8A5F024C298A017200CB0F9D /* Components */ = {
			isa = PBXGroup;
			children = (
				8A5F024E298A019300CB0F9D /* CachedImageView.swift */,
			);
			path = Components;
			sourceTree = "<group>";
		};
		8A5F024D298A017D00CB0F9D /* Protocols */ = {
			isa = PBXGroup;
			children = (
				8A5F0250298A01B100CB0F9D /* Coordinator.swift */,
				8A5F0252298A01CA00CB0F9D /* Alertable.swift */,
				8A5F0254298A01D800CB0F9D /* Loadable.swift */,
			);
			path = Protocols;
			sourceTree = "<group>";
		};
		8A5F0258298A02E400CB0F9D /* Fixtures */ = {
			isa = PBXGroup;
			children = (
				8A5F025C298A034600CB0F9D /* MoviesResponse+Fixture.swift */,
				8A5F025E298A037000CB0F9D /* Movie+Fixture.swift */,
			);
			path = Fixtures;
			sourceTree = "<group>";
		};
		8A5F0259298A02EA00CB0F9D /* Screens */ = {
			isa = PBXGroup;
			children = (
				8A5F0263298A042900CB0F9D /* ListTopRatedMovies */,
			);
			path = Screens;
			sourceTree = "<group>";
		};
		8A5F025A298A02F100CB0F9D /* Services */ = {
			isa = PBXGroup;
			children = (
			);
			path = Services;
			sourceTree = "<group>";
		};
		8A5F0260298A03AD00CB0F9D /* Cell */ = {
			isa = PBXGroup;
			children = (
				8A5F0261298A03CB00CB0F9D /* TopRatedMoviesCellViewModelTests.swift */,
			);
			path = Cell;
			sourceTree = "<group>";
		};
		8A5F0263298A042900CB0F9D /* ListTopRatedMovies */ = {
			isa = PBXGroup;
			children = (
				8A5F0260298A03AD00CB0F9D /* Cell */,
				8A5F0266298A044C00CB0F9D /* ListTopRatedMoviesViewModelTests.swift */,
				8A5F0268298A049200CB0F9D /* ListTopRatedMoviesViewModelDelegateSpy.swift */,
				8A5F026A298A04BF00CB0F9D /* ListTopRatedMoviesCoordinatorSpy.swift */,
			);
			path = ListTopRatedMovies;
			sourceTree = "<group>";
		};
/* End PBXGroup section */

/* Begin PBXNativeTarget section */
		8A5F01C62989FD3E00CB0F9D /* inMovieDB */ = {
			isa = PBXNativeTarget;
			buildConfigurationList = 8A5F01F12989FD4000CB0F9D /* Build configuration list for PBXNativeTarget "inMovieDB" */;
			buildPhases = (
				8A5F01C32989FD3E00CB0F9D /* Sources */,
				8A5F01C42989FD3E00CB0F9D /* Frameworks */,
				8A5F01C52989FD3E00CB0F9D /* Resources */,
			);
			buildRules = (
			);
			dependencies = (
			);
			name = inMovieDB;
			productName = inMovieDB;
			productReference = 8A5F01C72989FD3E00CB0F9D /* inMovieDB.app */;
			productType = "com.apple.product-type.application";
		};
		8A5F01DC2989FD4000CB0F9D /* inMovieDBTests */ = {
			isa = PBXNativeTarget;
			buildConfigurationList = 8A5F01F42989FD4000CB0F9D /* Build configuration list for PBXNativeTarget "inMovieDBTests" */;
			buildPhases = (
				8A5F01D92989FD4000CB0F9D /* Sources */,
				8A5F01DA2989FD4000CB0F9D /* Frameworks */,
				8A5F01DB2989FD4000CB0F9D /* Resources */,
			);
			buildRules = (
			);
			dependencies = (
				8A5F01DF2989FD4000CB0F9D /* PBXTargetDependency */,
			);
			name = inMovieDBTests;
			productName = inMovieDBTests;
			productReference = 8A5F01DD2989FD4000CB0F9D /* inMovieDBTests.xctest */;
			productType = "com.apple.product-type.bundle.unit-test";
		};
		8A5F01E62989FD4000CB0F9D /* inMovieDBUITests */ = {
			isa = PBXNativeTarget;
			buildConfigurationList = 8A5F01F72989FD4000CB0F9D /* Build configuration list for PBXNativeTarget "inMovieDBUITests" */;
			buildPhases = (
				8A5F01E32989FD4000CB0F9D /* Sources */,
				8A5F01E42989FD4000CB0F9D /* Frameworks */,
				8A5F01E52989FD4000CB0F9D /* Resources */,
			);
			buildRules = (
			);
			dependencies = (
				8A5F01E92989FD4000CB0F9D /* PBXTargetDependency */,
			);
			name = inMovieDBUITests;
			productName = inMovieDBUITests;
			productReference = 8A5F01E72989FD4000CB0F9D /* inMovieDBUITests.xctest */;
			productType = "com.apple.product-type.bundle.ui-testing";
		};
/* End PBXNativeTarget section */

/* Begin PBXProject section */
		8A5F01BF2989FD3E00CB0F9D /* Project object */ = {
			isa = PBXProject;
			attributes = {
				BuildIndependentTargetsInParallel = 1;
				LastSwiftUpdateCheck = 1420;
				LastUpgradeCheck = 1420;
				TargetAttributes = {
					8A5F01C62989FD3E00CB0F9D = {
						CreatedOnToolsVersion = 14.2;
					};
					8A5F01DC2989FD4000CB0F9D = {
						CreatedOnToolsVersion = 14.2;
						LastSwiftMigration = 1420;
						TestTargetID = 8A5F01C62989FD3E00CB0F9D;
					};
					8A5F01E62989FD4000CB0F9D = {
						CreatedOnToolsVersion = 14.2;
						TestTargetID = 8A5F01C62989FD3E00CB0F9D;
					};
				};
			};
			buildConfigurationList = 8A5F01C22989FD3E00CB0F9D /* Build configuration list for PBXProject "inMovieDB" */;
			compatibilityVersion = "Xcode 14.0";
			developmentRegion = en;
			hasScannedForEncodings = 0;
			knownRegions = (
				en,
				Base,
			);
			mainGroup = 8A5F01BE2989FD3E00CB0F9D;
			productRefGroup = 8A5F01C82989FD3E00CB0F9D /* Products */;
			projectDirPath = "";
			projectRoot = "";
			targets = (
				8A5F01C62989FD3E00CB0F9D /* inMovieDB */,
				8A5F01DC2989FD4000CB0F9D /* inMovieDBTests */,
				8A5F01E62989FD4000CB0F9D /* inMovieDBUITests */,
			);
		};
/* End PBXProject section */

/* Begin PBXResourcesBuildPhase section */
		8A5F01C52989FD3E00CB0F9D /* Resources */ = {
			isa = PBXResourcesBuildPhase;
			buildActionMask = 2147483647;
			files = (
				8A5F01D72989FD4000CB0F9D /* LaunchScreen.storyboard in Resources */,
				8A5F024A298A014300CB0F9D /* TMDB-Auth-Info.plist in Resources */,
				8A5F01D42989FD4000CB0F9D /* Assets.xcassets in Resources */,
			);
			runOnlyForDeploymentPostprocessing = 0;
		};
		8A5F01DB2989FD4000CB0F9D /* Resources */ = {
			isa = PBXResourcesBuildPhase;
			buildActionMask = 2147483647;
			files = (
			);
			runOnlyForDeploymentPostprocessing = 0;
		};
		8A5F01E52989FD4000CB0F9D /* Resources */ = {
			isa = PBXResourcesBuildPhase;
			buildActionMask = 2147483647;
			files = (
			);
			runOnlyForDeploymentPostprocessing = 0;
		};
/* End PBXResourcesBuildPhase section */

/* Begin PBXSourcesBuildPhase section */
		8A5F01C32989FD3E00CB0F9D /* Sources */ = {
			isa = PBXSourcesBuildPhase;
			buildActionMask = 2147483647;
			files = (
				8A5F0246298A010E00CB0F9D /* SearchMoviesService.swift in Sources */,
				8A5F0239298A006C00CB0F9D /* MovieDetailsViewModel.swift in Sources */,
				8A5F01FC2989FDE800CB0F9D /* AppCoordinator.swift in Sources */,
				8A5F022F298A001600CB0F9D /* ListTopRatedMoviesCoordinator.swift in Sources */,
				8A5F0237298A005700CB0F9D /* MovieDetailsViewController.swift in Sources */,
				8A5F0235298A004600CB0F9D /* MovieDetailsCoordinator.swift in Sources */,
				8A5F0231298A002300CB0F9D /* ListTopRatedMoviesViewController.swift in Sources */,
				8A5F01CF2989FD3E00CB0F9D /* ViewController.swift in Sources */,
				8A5F022B2989FFF800CB0F9D /* TopRatedMoviesCell.swift in Sources */,
				8A5F02222989FF9F00CB0F9D /* PopularMoviesCellViewModel.swift in Sources */,
				8A5F02092989FE9200CB0F9D /* Endpoint.swift in Sources */,
				8A5F0244298A00FF00CB0F9D /* PopularMoviesService.swift in Sources */,
				8A5F02172989FEF400CB0F9D /* TopRatedMoviesEndpoint.swift in Sources */,
				8A5F02132989FEE100CB0F9D /* PopularMoviesEndpoint.swift in Sources */,
				8A5F020F2989FEB300CB0F9D /* HTTPMethod.swift in Sources */,
				8A5F0257298A025300CB0F9D /* Constants.swift in Sources */,
				8A5F0251298A01B100CB0F9D /* Coordinator.swift in Sources */,
				8A5F02112989FED400CB0F9D /* MovieDetailsEndpoint.swift in Sources */,
				8A5F0255298A01D800CB0F9D /* Loadable.swift in Sources */,
				8A5F01CB2989FD3E00CB0F9D /* AppDelegate.swift in Sources */,
				8A5F0242298A00CB00CB0F9D /* MovieDetailsService.swift in Sources */,
				8A5F023F298A009E00CB0F9D /* SearchMoviesViewModel.swift in Sources */,
				8A5F02202989FF9100CB0F9D /* PopularMoviesCell.swift in Sources */,
				8A5F023D298A008E00CB0F9D /* SearchMoviesViewController.swift in Sources */,
				8A5F02282989FFD700CB0F9D /* ListPopularMoviesViewModel.swift in Sources */,
				8A5F022D298A000500CB0F9D /* TopRatedMoviesCellViewModel.swift in Sources */,
				8A5F02152989FEEA00CB0F9D /* SearchMoviesEndpoint.swift in Sources */,
				8A5F02242989FFB500CB0F9D /* ListPopularMoviesCoordinator.swift in Sources */,
				8A5F023B298A007E00CB0F9D /* SearchMoviesCoordinator.swift in Sources */,
				8A5F01CD2989FD3E00CB0F9D /* SceneDelegate.swift in Sources */,
				8A5F01FF2989FE3100CB0F9D /* Movie.swift in Sources */,
				8A5F02262989FFC900CB0F9D /* ListPopularMoviesViewController.swift in Sources */,
				8A5F0253298A01CA00CB0F9D /* Alertable.swift in Sources */,
				8A5F020D2989FEA900CB0F9D /* HTTPClient.swift in Sources */,
				8A5F020B2989FE9D00CB0F9D /* ErrorHandler.swift in Sources */,
				8A5F0233298A003400CB0F9D /* ListTopRatedMoviesViewModel.swift in Sources */,
				8A5F0248298A011C00CB0F9D /* TopRatedMoviesService.swift in Sources */,
				8A5F02012989FE3A00CB0F9D /* MoviesResponse.swift in Sources */,
				8A5F024F298A019300CB0F9D /* CachedImageView.swift in Sources */,
				8A5F02032989FE4800CB0F9D /* MovieGenres.swift in Sources */,
			);
			runOnlyForDeploymentPostprocessing = 0;
		};
		8A5F01D92989FD4000CB0F9D /* Sources */ = {
			isa = PBXSourcesBuildPhase;
			buildActionMask = 2147483647;
			files = (
				8A5F0262298A03CB00CB0F9D /* TopRatedMoviesCellViewModelTests.swift in Sources */,
				8A5F025F298A037000CB0F9D /* Movie+Fixture.swift in Sources */,
				8A5F0267298A044D00CB0F9D /* ListTopRatedMoviesViewModelTests.swift in Sources */,
				8A5F0269298A049200CB0F9D /* ListTopRatedMoviesViewModelDelegateSpy.swift in Sources */,
				8A5F025D298A034600CB0F9D /* MoviesResponse+Fixture.swift in Sources */,
				8A5F026B298A04BF00CB0F9D /* ListTopRatedMoviesCoordinatorSpy.swift in Sources */,
			);
			runOnlyForDeploymentPostprocessing = 0;
		};
		8A5F01E32989FD4000CB0F9D /* Sources */ = {
			isa = PBXSourcesBuildPhase;
			buildActionMask = 2147483647;
			files = (
				8A5F01EE2989FD4000CB0F9D /* inMovieDBUITestsLaunchTests.swift in Sources */,
				8A5F01EC2989FD4000CB0F9D /* inMovieDBUITests.swift in Sources */,
			);
			runOnlyForDeploymentPostprocessing = 0;
		};
/* End PBXSourcesBuildPhase section */

/* Begin PBXTargetDependency section */
		8A5F01DF2989FD4000CB0F9D /* PBXTargetDependency */ = {
			isa = PBXTargetDependency;
			target = 8A5F01C62989FD3E00CB0F9D /* inMovieDB */;
			targetProxy = 8A5F01DE2989FD4000CB0F9D /* PBXContainerItemProxy */;
		};
		8A5F01E92989FD4000CB0F9D /* PBXTargetDependency */ = {
			isa = PBXTargetDependency;
			target = 8A5F01C62989FD3E00CB0F9D /* inMovieDB */;
			targetProxy = 8A5F01E82989FD4000CB0F9D /* PBXContainerItemProxy */;
		};
/* End PBXTargetDependency section */

/* Begin PBXVariantGroup section */
		8A5F01D52989FD4000CB0F9D /* LaunchScreen.storyboard */ = {
			isa = PBXVariantGroup;
			children = (
				8A5F01D62989FD4000CB0F9D /* Base */,
			);
			name = LaunchScreen.storyboard;
			sourceTree = "<group>";
		};
/* End PBXVariantGroup section */

/* Begin XCBuildConfiguration section */
		8A5F01EF2989FD4000CB0F9D /* Debug */ = {
			isa = XCBuildConfiguration;
			buildSettings = {
				ALWAYS_SEARCH_USER_PATHS = NO;
				CLANG_ANALYZER_NONNULL = YES;
				CLANG_ANALYZER_NUMBER_OBJECT_CONVERSION = YES_AGGRESSIVE;
				CLANG_CXX_LANGUAGE_STANDARD = "gnu++20";
				CLANG_ENABLE_MODULES = YES;
				CLANG_ENABLE_OBJC_ARC = YES;
				CLANG_ENABLE_OBJC_WEAK = YES;
				CLANG_WARN_BLOCK_CAPTURE_AUTORELEASING = YES;
				CLANG_WARN_BOOL_CONVERSION = YES;
				CLANG_WARN_COMMA = YES;
				CLANG_WARN_CONSTANT_CONVERSION = YES;
				CLANG_WARN_DEPRECATED_OBJC_IMPLEMENTATIONS = YES;
				CLANG_WARN_DIRECT_OBJC_ISA_USAGE = YES_ERROR;
				CLANG_WARN_DOCUMENTATION_COMMENTS = YES;
				CLANG_WARN_EMPTY_BODY = YES;
				CLANG_WARN_ENUM_CONVERSION = YES;
				CLANG_WARN_INFINITE_RECURSION = YES;
				CLANG_WARN_INT_CONVERSION = YES;
				CLANG_WARN_NON_LITERAL_NULL_CONVERSION = YES;
				CLANG_WARN_OBJC_IMPLICIT_RETAIN_SELF = YES;
				CLANG_WARN_OBJC_LITERAL_CONVERSION = YES;
				CLANG_WARN_OBJC_ROOT_CLASS = YES_ERROR;
				CLANG_WARN_QUOTED_INCLUDE_IN_FRAMEWORK_HEADER = YES;
				CLANG_WARN_RANGE_LOOP_ANALYSIS = YES;
				CLANG_WARN_STRICT_PROTOTYPES = YES;
				CLANG_WARN_SUSPICIOUS_MOVE = YES;
				CLANG_WARN_UNGUARDED_AVAILABILITY = YES_AGGRESSIVE;
				CLANG_WARN_UNREACHABLE_CODE = YES;
				CLANG_WARN__DUPLICATE_METHOD_MATCH = YES;
				COPY_PHASE_STRIP = NO;
				DEBUG_INFORMATION_FORMAT = dwarf;
				ENABLE_STRICT_OBJC_MSGSEND = YES;
				ENABLE_TESTABILITY = YES;
				GCC_C_LANGUAGE_STANDARD = gnu11;
				GCC_DYNAMIC_NO_PIC = NO;
				GCC_NO_COMMON_BLOCKS = YES;
				GCC_OPTIMIZATION_LEVEL = 0;
				GCC_PREPROCESSOR_DEFINITIONS = (
					"DEBUG=1",
					"$(inherited)",
				);
				GCC_WARN_64_TO_32_BIT_CONVERSION = YES;
				GCC_WARN_ABOUT_RETURN_TYPE = YES_ERROR;
				GCC_WARN_UNDECLARED_SELECTOR = YES;
				GCC_WARN_UNINITIALIZED_AUTOS = YES_AGGRESSIVE;
				GCC_WARN_UNUSED_FUNCTION = YES;
				GCC_WARN_UNUSED_VARIABLE = YES;
				IPHONEOS_DEPLOYMENT_TARGET = 16.2;
				MTL_ENABLE_DEBUG_INFO = INCLUDE_SOURCE;
				MTL_FAST_MATH = YES;
				ONLY_ACTIVE_ARCH = YES;
				SDKROOT = iphoneos;
				SWIFT_ACTIVE_COMPILATION_CONDITIONS = DEBUG;
				SWIFT_OPTIMIZATION_LEVEL = "-Onone";
			};
			name = Debug;
		};
		8A5F01F02989FD4000CB0F9D /* Release */ = {
			isa = XCBuildConfiguration;
			buildSettings = {
				ALWAYS_SEARCH_USER_PATHS = NO;
				CLANG_ANALYZER_NONNULL = YES;
				CLANG_ANALYZER_NUMBER_OBJECT_CONVERSION = YES_AGGRESSIVE;
				CLANG_CXX_LANGUAGE_STANDARD = "gnu++20";
				CLANG_ENABLE_MODULES = YES;
				CLANG_ENABLE_OBJC_ARC = YES;
				CLANG_ENABLE_OBJC_WEAK = YES;
				CLANG_WARN_BLOCK_CAPTURE_AUTORELEASING = YES;
				CLANG_WARN_BOOL_CONVERSION = YES;
				CLANG_WARN_COMMA = YES;
				CLANG_WARN_CONSTANT_CONVERSION = YES;
				CLANG_WARN_DEPRECATED_OBJC_IMPLEMENTATIONS = YES;
				CLANG_WARN_DIRECT_OBJC_ISA_USAGE = YES_ERROR;
				CLANG_WARN_DOCUMENTATION_COMMENTS = YES;
				CLANG_WARN_EMPTY_BODY = YES;
				CLANG_WARN_ENUM_CONVERSION = YES;
				CLANG_WARN_INFINITE_RECURSION = YES;
				CLANG_WARN_INT_CONVERSION = YES;
				CLANG_WARN_NON_LITERAL_NULL_CONVERSION = YES;
				CLANG_WARN_OBJC_IMPLICIT_RETAIN_SELF = YES;
				CLANG_WARN_OBJC_LITERAL_CONVERSION = YES;
				CLANG_WARN_OBJC_ROOT_CLASS = YES_ERROR;
				CLANG_WARN_QUOTED_INCLUDE_IN_FRAMEWORK_HEADER = YES;
				CLANG_WARN_RANGE_LOOP_ANALYSIS = YES;
				CLANG_WARN_STRICT_PROTOTYPES = YES;
				CLANG_WARN_SUSPICIOUS_MOVE = YES;
				CLANG_WARN_UNGUARDED_AVAILABILITY = YES_AGGRESSIVE;
				CLANG_WARN_UNREACHABLE_CODE = YES;
				CLANG_WARN__DUPLICATE_METHOD_MATCH = YES;
				COPY_PHASE_STRIP = NO;
				DEBUG_INFORMATION_FORMAT = "dwarf-with-dsym";
				ENABLE_NS_ASSERTIONS = NO;
				ENABLE_STRICT_OBJC_MSGSEND = YES;
				GCC_C_LANGUAGE_STANDARD = gnu11;
				GCC_NO_COMMON_BLOCKS = YES;
				GCC_WARN_64_TO_32_BIT_CONVERSION = YES;
				GCC_WARN_ABOUT_RETURN_TYPE = YES_ERROR;
				GCC_WARN_UNDECLARED_SELECTOR = YES;
				GCC_WARN_UNINITIALIZED_AUTOS = YES_AGGRESSIVE;
				GCC_WARN_UNUSED_FUNCTION = YES;
				GCC_WARN_UNUSED_VARIABLE = YES;
				IPHONEOS_DEPLOYMENT_TARGET = 16.2;
				MTL_ENABLE_DEBUG_INFO = NO;
				MTL_FAST_MATH = YES;
				SDKROOT = iphoneos;
				SWIFT_COMPILATION_MODE = wholemodule;
				SWIFT_OPTIMIZATION_LEVEL = "-O";
				VALIDATE_PRODUCT = YES;
			};
			name = Release;
		};
		8A5F01F22989FD4000CB0F9D /* Debug */ = {
			isa = XCBuildConfiguration;
			buildSettings = {
				ASSETCATALOG_COMPILER_APPICON_NAME = AppIcon;
				ASSETCATALOG_COMPILER_GLOBAL_ACCENT_COLOR_NAME = AccentColor;
				CODE_SIGN_STYLE = Automatic;
				CURRENT_PROJECT_VERSION = 1;
				GENERATE_INFOPLIST_FILE = YES;
				INFOPLIST_FILE = inMovieDB/Info.plist;
				INFOPLIST_KEY_UIApplicationSupportsIndirectInputEvents = YES;
				INFOPLIST_KEY_UILaunchStoryboardName = LaunchScreen;
				INFOPLIST_KEY_UISupportedInterfaceOrientations_iPad = "UIInterfaceOrientationPortrait UIInterfaceOrientationPortraitUpsideDown UIInterfaceOrientationLandscapeLeft UIInterfaceOrientationLandscapeRight";
				INFOPLIST_KEY_UISupportedInterfaceOrientations_iPhone = "UIInterfaceOrientationPortrait UIInterfaceOrientationLandscapeLeft UIInterfaceOrientationLandscapeRight";
				LD_RUNPATH_SEARCH_PATHS = (
					"$(inherited)",
					"@executable_path/Frameworks",
				);
				MARKETING_VERSION = 1.0;
				PRODUCT_BUNDLE_IDENTIFIER = io.filipewolf.inMovieDB;
				PRODUCT_NAME = "$(TARGET_NAME)";
				SWIFT_EMIT_LOC_STRINGS = YES;
				SWIFT_VERSION = 5.0;
				TARGETED_DEVICE_FAMILY = "1,2";
			};
			name = Debug;
		};
		8A5F01F32989FD4000CB0F9D /* Release */ = {
			isa = XCBuildConfiguration;
			buildSettings = {
				ASSETCATALOG_COMPILER_APPICON_NAME = AppIcon;
				ASSETCATALOG_COMPILER_GLOBAL_ACCENT_COLOR_NAME = AccentColor;
				CODE_SIGN_STYLE = Automatic;
				CURRENT_PROJECT_VERSION = 1;
				GENERATE_INFOPLIST_FILE = YES;
				INFOPLIST_FILE = inMovieDB/Info.plist;
				INFOPLIST_KEY_UIApplicationSupportsIndirectInputEvents = YES;
				INFOPLIST_KEY_UILaunchStoryboardName = LaunchScreen;
				INFOPLIST_KEY_UISupportedInterfaceOrientations_iPad = "UIInterfaceOrientationPortrait UIInterfaceOrientationPortraitUpsideDown UIInterfaceOrientationLandscapeLeft UIInterfaceOrientationLandscapeRight";
				INFOPLIST_KEY_UISupportedInterfaceOrientations_iPhone = "UIInterfaceOrientationPortrait UIInterfaceOrientationLandscapeLeft UIInterfaceOrientationLandscapeRight";
				LD_RUNPATH_SEARCH_PATHS = (
					"$(inherited)",
					"@executable_path/Frameworks",
				);
				MARKETING_VERSION = 1.0;
				PRODUCT_BUNDLE_IDENTIFIER = io.filipewolf.inMovieDB;
				PRODUCT_NAME = "$(TARGET_NAME)";
				SWIFT_EMIT_LOC_STRINGS = YES;
				SWIFT_VERSION = 5.0;
				TARGETED_DEVICE_FAMILY = "1,2";
			};
			name = Release;
		};
		8A5F01F52989FD4000CB0F9D /* Debug */ = {
			isa = XCBuildConfiguration;
			buildSettings = {
				ALWAYS_EMBED_SWIFT_STANDARD_LIBRARIES = YES;
				BUNDLE_LOADER = "$(TEST_HOST)";
				CLANG_ENABLE_MODULES = YES;
				CODE_SIGN_STYLE = Automatic;
				CURRENT_PROJECT_VERSION = 1;
				GENERATE_INFOPLIST_FILE = YES;
				IPHONEOS_DEPLOYMENT_TARGET = 16.2;
				LD_RUNPATH_SEARCH_PATHS = (
					"$(inherited)",
					"@executable_path/Frameworks",
					"@loader_path/Frameworks",
				);
				MARKETING_VERSION = 1.0;
				PRODUCT_BUNDLE_IDENTIFIER = io.filipewolf.inMovieDBTests;
				PRODUCT_NAME = "$(TARGET_NAME)";
				SWIFT_EMIT_LOC_STRINGS = NO;
				SWIFT_OBJC_BRIDGING_HEADER = "inMovieDBTests/Fixtures/inMovieDBTests-Bridging-Header.h";
				SWIFT_OPTIMIZATION_LEVEL = "-Onone";
				SWIFT_VERSION = 5.0;
				TARGETED_DEVICE_FAMILY = "1,2";
				TEST_HOST = "$(BUILT_PRODUCTS_DIR)/inMovieDB.app/$(BUNDLE_EXECUTABLE_FOLDER_PATH)/inMovieDB";
			};
			name = Debug;
		};
		8A5F01F62989FD4000CB0F9D /* Release */ = {
			isa = XCBuildConfiguration;
			buildSettings = {
				ALWAYS_EMBED_SWIFT_STANDARD_LIBRARIES = YES;
				BUNDLE_LOADER = "$(TEST_HOST)";
				CLANG_ENABLE_MODULES = YES;
				CODE_SIGN_STYLE = Automatic;
				CURRENT_PROJECT_VERSION = 1;
				GENERATE_INFOPLIST_FILE = YES;
				IPHONEOS_DEPLOYMENT_TARGET = 16.2;
				LD_RUNPATH_SEARCH_PATHS = (
					"$(inherited)",
					"@executable_path/Frameworks",
					"@loader_path/Frameworks",
				);
				MARKETING_VERSION = 1.0;
				PRODUCT_BUNDLE_IDENTIFIER = io.filipewolf.inMovieDBTests;
				PRODUCT_NAME = "$(TARGET_NAME)";
				SWIFT_EMIT_LOC_STRINGS = NO;
				SWIFT_OBJC_BRIDGING_HEADER = "inMovieDBTests/Fixtures/inMovieDBTests-Bridging-Header.h";
				SWIFT_VERSION = 5.0;
				TARGETED_DEVICE_FAMILY = "1,2";
				TEST_HOST = "$(BUILT_PRODUCTS_DIR)/inMovieDB.app/$(BUNDLE_EXECUTABLE_FOLDER_PATH)/inMovieDB";
			};
			name = Release;
		};
		8A5F01F82989FD4000CB0F9D /* Debug */ = {
			isa = XCBuildConfiguration;
			buildSettings = {
				ALWAYS_EMBED_SWIFT_STANDARD_LIBRARIES = YES;
				CODE_SIGN_STYLE = Automatic;
				CURRENT_PROJECT_VERSION = 1;
				GENERATE_INFOPLIST_FILE = YES;
				MARKETING_VERSION = 1.0;
				PRODUCT_BUNDLE_IDENTIFIER = io.filipewolf.inMovieDBUITests;
				PRODUCT_NAME = "$(TARGET_NAME)";
				SWIFT_EMIT_LOC_STRINGS = NO;
				SWIFT_VERSION = 5.0;
				TARGETED_DEVICE_FAMILY = "1,2";
				TEST_TARGET_NAME = inMovieDB;
			};
			name = Debug;
		};
		8A5F01F92989FD4000CB0F9D /* Release */ = {
			isa = XCBuildConfiguration;
			buildSettings = {
				ALWAYS_EMBED_SWIFT_STANDARD_LIBRARIES = YES;
				CODE_SIGN_STYLE = Automatic;
				CURRENT_PROJECT_VERSION = 1;
				GENERATE_INFOPLIST_FILE = YES;
				MARKETING_VERSION = 1.0;
				PRODUCT_BUNDLE_IDENTIFIER = io.filipewolf.inMovieDBUITests;
				PRODUCT_NAME = "$(TARGET_NAME)";
				SWIFT_EMIT_LOC_STRINGS = NO;
				SWIFT_VERSION = 5.0;
				TARGETED_DEVICE_FAMILY = "1,2";
				TEST_TARGET_NAME = inMovieDB;
			};
			name = Release;
		};
/* End XCBuildConfiguration section */

/* Begin XCConfigurationList section */
		8A5F01C22989FD3E00CB0F9D /* Build configuration list for PBXProject "inMovieDB" */ = {
			isa = XCConfigurationList;
			buildConfigurations = (
				8A5F01EF2989FD4000CB0F9D /* Debug */,
				8A5F01F02989FD4000CB0F9D /* Release */,
			);
			defaultConfigurationIsVisible = 0;
			defaultConfigurationName = Release;
		};
		8A5F01F12989FD4000CB0F9D /* Build configuration list for PBXNativeTarget "inMovieDB" */ = {
			isa = XCConfigurationList;
			buildConfigurations = (
				8A5F01F22989FD4000CB0F9D /* Debug */,
				8A5F01F32989FD4000CB0F9D /* Release */,
			);
			defaultConfigurationIsVisible = 0;
			defaultConfigurationName = Release;
		};
		8A5F01F42989FD4000CB0F9D /* Build configuration list for PBXNativeTarget "inMovieDBTests" */ = {
			isa = XCConfigurationList;
			buildConfigurations = (
				8A5F01F52989FD4000CB0F9D /* Debug */,
				8A5F01F62989FD4000CB0F9D /* Release */,
			);
			defaultConfigurationIsVisible = 0;
			defaultConfigurationName = Release;
		};
		8A5F01F72989FD4000CB0F9D /* Build configuration list for PBXNativeTarget "inMovieDBUITests" */ = {
			isa = XCConfigurationList;
			buildConfigurations = (
				8A5F01F82989FD4000CB0F9D /* Debug */,
				8A5F01F92989FD4000CB0F9D /* Release */,
			);
			defaultConfigurationIsVisible = 0;
			defaultConfigurationName = Release;
		};
/* End XCConfigurationList section */
	};
	rootObject = 8A5F01BF2989FD3E00CB0F9D /* Project object */;
}
